<?xml version="1.0" encoding="utf-8"?>
<Project ToolsVersion="4.0" xmlns="http://schemas.microsoft.com/developer/msbuild/2003">
  <ItemGroup>
    <Filter Include="소스 파일">
      <UniqueIdentifier>{4FC737F1-C7A5-4376-A066-2A32D752A2FF}</UniqueIdentifier>
      <Extensions>cpp;c;cc;cxx;def;odl;idl;hpj;bat;asm;asmx</Extensions>
    </Filter>
    <Filter Include="헤더 파일">
      <UniqueIdentifier>{93995380-89BD-4b04-88EB-625FBE52EBFB}</UniqueIdentifier>
      <Extensions>h;hh;hpp;hxx;hm;inl;inc;xsd</Extensions>
    </Filter>
    <Filter Include="리소스 파일">
      <UniqueIdentifier>{67DA6AB6-F800-4c08-8B7A-83BB121AAD01}</UniqueIdentifier>
      <Extensions>rc;ico;cur;bmp;dlg;rc2;rct;bin;rgs;gif;jpg;jpeg;jpe;resx;tiff;tif;png;wav;mfcribbon-ms</Extensions>
    </Filter>
    <Filter Include="Packet">
      <UniqueIdentifier>{f41b99b8-43cd-4796-9d7f-9b751b268c10}</UniqueIdentifier>
    </Filter>
    <Filter Include="protocolBuffer">
      <UniqueIdentifier>{f357f4f0-8495-4333-a3d3-fef4c22e04a5}</UniqueIdentifier>
    </Filter>
    <Filter Include="Manager">
      <UniqueIdentifier>{d56146fa-607d-44db-824c-6687cb21e84e}</UniqueIdentifier>
    </Filter>
    <Filter Include="Managedata">
      <UniqueIdentifier>{642e57bf-1799-4a88-9600-449c3ef1ccb5}</UniqueIdentifier>
    </Filter>
  </ItemGroup>
  <ItemGroup>
    <Text Include="ReadMe.txt" />
  </ItemGroup>
  <ItemGroup>
    <ClInclude Include="stdafx.h">
      <Filter>헤더 파일</Filter>
    </ClInclude>
    <ClInclude Include="targetver.h">
      <Filter>헤더 파일</Filter>
    </ClInclude>
    <ClInclude Include="SocketListener.h">
      <Filter>헤더 파일</Filter>
    </ClInclude>
    <ClInclude Include="IocpConstructor.h">
      <Filter>헤더 파일</Filter>
    </ClInclude>
    <ClInclude Include="IoData.h">
      <Filter>헤더 파일</Filter>
    </ClInclude>
    <ClInclude Include="HandleData.h">
      <Filter>헤더 파일</Filter>
    </ClInclude>
    <ClInclude Include="ClientHandle.h">
      <Filter>헤더 파일</Filter>
    </ClInclude>
    <ClInclude Include="Lock.h">
      <Filter>헤더 파일</Filter>
    </ClInclude>
    <ClInclude Include="TimerJob.h">
      <Filter>헤더 파일</Filter>
    </ClInclude>
    <ClInclude Include="NPCManager.h">
      <Filter>Manager</Filter>
    </ClInclude>
    <ClInclude Include="GameManager.h">
      <Filter>Manager</Filter>
    </ClInclude>
    <ClInclude Include="ClientManager.h">
      <Filter>Manager</Filter>
    </ClInclude>
    <ClInclude Include="bullet.h">
      <Filter>Managedata</Filter>
    </ClInclude>
    <ClInclude Include="USER.h">
      <Filter>Managedata</Filter>
    </ClInclude>
    <ClInclude Include="ObjectManager.h">
      <Filter>Manager</Filter>
    </ClInclude>
    <ClInclude Include="CollisionObject.h">
      <Filter>Managedata</Filter>
    </ClInclude>
    <ClInclude Include="Packet.h">
      <Filter>Packet</Filter>
    </ClInclude>
    <ClInclude Include="PacketHandler.h">
      <Filter>Packet</Filter>
    </ClInclude>
    <ClInclude Include="..\protobuffer\AccountPacket.pb.h">
      <Filter>protocolBuffer</Filter>
    </ClInclude>
    <ClInclude Include="..\protobuffer\InGamePacket.pb.h">
      <Filter>protocolBuffer</Filter>
    </ClInclude>
    <ClInclude Include="AI.h">
      <Filter>Managedata</Filter>
    </ClInclude>
  </ItemGroup>
  <ItemGroup>
    <ClCompile Include="stdafx.cpp">
      <Filter>소스 파일</Filter>
    </ClCompile>
    <ClCompile Include="testGame.cpp">
      <Filter>소스 파일</Filter>
    </ClCompile>
    <ClCompile Include="SocketListener.cpp">
      <Filter>소스 파일</Filter>
    </ClCompile>
    <ClCompile Include="IocpConstructor.cpp">
      <Filter>소스 파일</Filter>
    </ClCompile>
    <ClCompile Include="IoData.cpp">
      <Filter>소스 파일</Filter>
    </ClCompile>
    <ClCompile Include="HandleData.cpp">
      <Filter>소스 파일</Filter>
    </ClCompile>
    <ClCompile Include="ClientHandle.cpp">
      <Filter>소스 파일</Filter>
    </ClCompile>
    <ClCompile Include="Lock.cpp">
      <Filter>소스 파일</Filter>
    </ClCompile>
    <ClCompile Include="TimerJob.cpp">
      <Filter>소스 파일</Filter>
    </ClCompile>
    <ClCompile Include="GameManager.cpp">
      <Filter>Manager</Filter>
    </ClCompile>
    <ClCompile Include="ClientManager.cpp">
      <Filter>Manager</Filter>
    </ClCompile>
    <ClCompile Include="NPCManager.cpp">
      <Filter>Manager</Filter>
    </ClCompile>
    <ClCompile Include="bullet.cpp">
      <Filter>Managedata</Filter>
    </ClCompile>
    <ClCompile Include="USER.cpp">
      <Filter>Managedata</Filter>
    </ClCompile>
    <ClCompile Include="ObjectManager.cpp">
      <Filter>Manager</Filter>
    </ClCompile>
    <ClCompile Include="CollisionObject.cpp">
      <Filter>Managedata</Filter>
    </ClCompile>
    <ClCompile Include="Packet.cpp">
      <Filter>Packet</Filter>
    </ClCompile>
    <ClCompile Include="PacketHandler.cpp">
      <Filter>Packet</Filter>
    </ClCompile>
    <ClCompile Include="..\protobuffer\AccountPacket.pb.cc">
      <Filter>protocolBuffer</Filter>
    </ClCompile>
    <ClCompile Include="..\protobuffer\InGamePacket.pb.cc">
      <Filter>protocolBuffer</Filter>
    </ClCompile>
    <ClCompile Include="AI.cpp">
      <Filter>Managedata</Filter>
    </ClCompile>
  </ItemGroup>
</Project>